
Microsoft Visual Studio Solution File, Format Version 12.00
# Visual Studio Version 16
VisualStudioVersion = 16.0.30611.23
MinimumVisualStudioVersion = 10.0.40219.1
Project("{FAE04EC0-301F-11D3-BF4B-00C04F79EFBC}") = "Code10", "Code10.csproj", "{A86F448C-3362-48F2-B547-F40AD38BC21A}"
EndProject
Global
	GlobalSection(SolutionConfigurationPlatforms) = preSolution
		Debug|Any CPU = Debug|Any CPU
		Release|Any CPU = Release|Any CPU
	EndGlobalSection
	GlobalSection(ProjectConfigurationPlatforms) = postSolution
		{A86F448C-3362-48F2-B547-F40AD38BC21A}.Debug|Any CPU.ActiveCfg = Debug|Any CPU
		{A86F448C-3362-48F2-B547-F40AD38BC21A}.Debug|Any CPU.Build.0 = Debug|Any CPU
		{A86F448C-3362-48F2-B547-F40AD38BC21A}.Release|Any CPU.ActiveCfg = Release|Any CPU
		{A86F448C-3362-48F2-B547-F40AD38BC21A}.Release|Any CPU.Build.0 = Release|Any CPU
	EndGlobalSection
	GlobalSection(SolutionProperties) = preSolution
		HideSolutionNode = FALSE
	EndGlobalSection
	GlobalSection(ExtensibilityGlobals) = postSolution
		SolutionGuid = {088924D3-47E3-4E9C-8913-D6BD1B03C93C}
	EndGlobalSection
EndGlobal
